<Solution>
  <Configurations>
    <Platform Name="Any CPU" />
    <Platform Name="x64" />
    <Platform Name="x86" />
  </Configurations>
  <Project Path="Dukaan.Application/Dukaan.Application.csproj" />
  <Project Path="Dukaan.Domain/Dukaan.Domain.csproj" />
  <Project Path="Dukaan.Host/Dukaan.Host.csproj" />
  <Project Path="Dukaan.Infrastructure/Dukaan.Infrastructure.csproj" />
</Solution>
